
Microsoft Visual Studio Solution File, Format Version 12.00
# Visual Studio Version 16
VisualStudioVersion = 16.0.31729.503
MinimumVisualStudioVersion = 10.0.40219.1
Project("{9A19103F-16F7-4668-BE54-9A1E7A4F7556}") = "Server", "Server\Server.csproj", "{27DA5588-7BC6-4F0C-A512-2BA8119E8341}"
EndProject
Project("{9A19103F-16F7-4668-BE54-9A1E7A4F7556}") = "Client", "Client\Client.csproj", "{3E4A3B4F-28E6-45B3-A1D2-9AEFF3955818}"
EndProject
Project("{9A19103F-16F7-4668-BE54-9A1E7A4F7556}") = "TankDll", "TankDll\TankDll.csproj", "{E86CDAC5-FC16-43B1-AD9F-426FF39D212C}"
EndProject
Project("{9A19103F-16F7-4668-BE54-9A1E7A4F7556}") = "Authorization", "Authorization\Authorization\Authorization.csproj", "{F75F5806-69B6-474F-8F0D-EA39F59CDD2B}"
EndProject
Global
	GlobalSection(SolutionConfigurationPlatforms) = preSolution
		Debug|Any CPU = Debug|Any CPU
		Release|Any CPU = Release|Any CPU
	EndGlobalSection
	GlobalSection(ProjectConfigurationPlatforms) = postSolution
		{27DA5588-7BC6-4F0C-A512-2BA8119E8341}.Debug|Any CPU.ActiveCfg = Debug|Any CPU
		{27DA5588-7BC6-4F0C-A512-2BA8119E8341}.Debug|Any CPU.Build.0 = Debug|Any CPU
		{27DA5588-7BC6-4F0C-A512-2BA8119E8341}.Release|Any CPU.ActiveCfg = Release|Any CPU
		{27DA5588-7BC6-4F0C-A512-2BA8119E8341}.Release|Any CPU.Build.0 = Release|Any CPU
		{3E4A3B4F-28E6-45B3-A1D2-9AEFF3955818}.Debug|Any CPU.ActiveCfg = Debug|Any CPU
		{3E4A3B4F-28E6-45B3-A1D2-9AEFF3955818}.Debug|Any CPU.Build.0 = Debug|Any CPU
		{3E4A3B4F-28E6-45B3-A1D2-9AEFF3955818}.Release|Any CPU.ActiveCfg = Release|Any CPU
		{3E4A3B4F-28E6-45B3-A1D2-9AEFF3955818}.Release|Any CPU.Build.0 = Release|Any CPU
		{E86CDAC5-FC16-43B1-AD9F-426FF39D212C}.Debug|Any CPU.ActiveCfg = Debug|Any CPU
		{E86CDAC5-FC16-43B1-AD9F-426FF39D212C}.Debug|Any CPU.Build.0 = Debug|Any CPU
		{E86CDAC5-FC16-43B1-AD9F-426FF39D212C}.Release|Any CPU.ActiveCfg = Release|Any CPU
		{E86CDAC5-FC16-43B1-AD9F-426FF39D212C}.Release|Any CPU.Build.0 = Release|Any CPU
		{F75F5806-69B6-474F-8F0D-EA39F59CDD2B}.Debug|Any CPU.ActiveCfg = Debug|Any CPU
		{F75F5806-69B6-474F-8F0D-EA39F59CDD2B}.Debug|Any CPU.Build.0 = Debug|Any CPU
		{F75F5806-69B6-474F-8F0D-EA39F59CDD2B}.Release|Any CPU.ActiveCfg = Release|Any CPU
		{F75F5806-69B6-474F-8F0D-EA39F59CDD2B}.Release|Any CPU.Build.0 = Release|Any CPU
	EndGlobalSection
	GlobalSection(SolutionProperties) = preSolution
		HideSolutionNode = FALSE
	EndGlobalSection
	GlobalSection(ExtensibilityGlobals) = postSolution
		SolutionGuid = {476ECD1C-DB97-4648-88AD-C0128843B458}
	EndGlobalSection
EndGlobal
